
Microsoft Visual Studio Solution File, Format Version 12.00
# Visual Studio 2013
VisualStudioVersion = 12.0.40629.0
MinimumVisualStudioVersion = 10.0.40219.1
Project("{FAE04EC0-301F-11D3-BF4B-00C04F79EFBC}") = "Mall", "Mall\Mall.csproj", "{675F7CF1-5E80-44EE-BDC2-E4FD2BAFE475}"
EndProject
Project("{FAE04EC0-301F-11D3-BF4B-00C04F79EFBC}") = "Mall.Application", "Mall.Application\Mall.Application.csproj", "{A15AAC79-6D0A-4217-ABBB-2FCDB62E27AA}"
EndProject
Project("{FAE04EC0-301F-11D3-BF4B-00C04F79EFBC}") = "Mall.Domain", "Mall.Domain\Mall.Domain.csproj", "{FCDC4B41-2723-4218-81D8-4390DB492C3B}"
EndProject
Project("{2150E333-8FDC-42A3-9474-1A3956D46DE8}") = "2.1.Application", "2.1.Application", "{761493BB-A202-412D-B5E2-7E52EC27A070}"
EndProject
Project("{2150E333-8FDC-42A3-9474-1A3956D46DE8}") = "2.2.Domain", "2.2.Domain", "{32420844-BF0C-48DF-B9E8-F6AA442B4C5B}"
EndProject
Project("{2150E333-8FDC-42A3-9474-1A3956D46DE8}") = "Infrastructure", "Infrastructure", "{9A258BD8-DA0D-491C-BDD7-8A13BDDADDE9}"
EndProject
Project("{FAE04EC0-301F-11D3-BF4B-00C04F79EFBC}") = "Mall.Infrastructure", "Mall.Infrastructure\Mall.Infrastructure.csproj", "{FF2E22A1-DED7-4628-9F14-AD843C1CC862}"
EndProject
Project("{2150E333-8FDC-42A3-9474-1A3956D46DE8}") = "1.UI", "1.UI", "{808B96C5-84E0-49E4-A42C-D730F7318F66}"
EndProject
Project("{FAE04EC0-301F-11D3-BF4B-00C04F79EFBC}") = "Mall.DomainService", "Mall.DomainService\Mall.DomainService.csproj", "{BDE7D8FD-F5E4-4542-AB87-D62EE2A9C451}"
EndProject
Project("{FAE04EC0-301F-11D3-BF4B-00C04F79EFBC}") = "Mall.Infrastructure.Repositories", "Mall.Infrastructure.Repositories\Mall.Infrastructure.Repositories.csproj", "{B3EE2CEA-7368-4A47-ACAB-805980F8C38C}"
EndProject
Project("{FAE04EC0-301F-11D3-BF4B-00C04F79EFBC}") = "Mall.Infrastructure.Translators", "Mall.Infrastructure.Translators\Mall.Infrastructure.Translators.csproj", "{04BF4EFE-8817-47D1-BDE5-A2B31B684341}"
EndProject
Project("{FAE04EC0-301F-11D3-BF4B-00C04F79EFBC}") = "Mall.Domain.Events", "Mall.Domain.Events\Mall.Domain.Events.csproj", "{4354ADE2-A960-4D85-9A86-0C7591C44BBA}"
EndProject
Project("{FAE04EC0-301F-11D3-BF4B-00C04F79EFBC}") = "Mall.Application.DomainEventSubscribers", "Mall.Application.DomainEventSubscribers\Mall.Application.DomainEventSubscribers.csproj", "{6772D206-0E3A-46E3-AC09-A4D7DB4088EB}"
EndProject
Project("{FAE04EC0-301F-11D3-BF4B-00C04F79EFBC}") = "UnitTest.Mall.Domain", "UnitTest.Mall.Domain\UnitTest.Mall.Domain.csproj", "{60754FAF-64A8-4186-8167-90EE18E30AF0}"
EndProject
Project("{2150E333-8FDC-42A3-9474-1A3956D46DE8}") = "2-1.2.Domain.SellingPrice", "2-1.2.Domain.SellingPrice", "{97AF4622-B2A3-49DE-8E5D-9A6F3E71E314}"
EndProject
Project("{FAE04EC0-301F-11D3-BF4B-00C04F79EFBC}") = "Mall.Domain.SellingPrice", "Mall.Domain.SellingPrice\Mall.Domain.SellingPrice.csproj", "{BCAFDA37-3FA9-4174-97FD-BC24D0459712}"
EndProject
Project("{FAE04EC0-301F-11D3-BF4B-00C04F79EFBC}") = "Mall.Domain.SellingPrice.Events", "Mall.Domain.SellingPrice.Events\Mall.Domain.SellingPrice.Events.csproj", "{42A5CD86-F116-45D0-8B9A-5912DB3F195B}"
EndProject
Project("{FAE04EC0-301F-11D3-BF4B-00C04F79EFBC}") = "Mall.DomainService.SellingPrice", "Mall.DomainService.SellingPrice\Mall.DomainService.SellingPrice.csproj", "{849B2DD2-52B8-4C77-A54E-3CF9E72530E7}"
EndProject
Project("{FAE04EC0-301F-11D3-BF4B-00C04F79EFBC}") = "UnitTest.Mall.Domain.SellingPrice", "UnitTest.Mall.Domain.SellingPrice\UnitTest.Mall.Domain.SellingPrice.csproj", "{2F7F3944-FC41-4A0F-8101-C3DD6629F026}"
EndProject
Project("{2150E333-8FDC-42A3-9474-1A3956D46DE8}") = "2.SaleDomain", "2.SaleDomain", "{629AB9D8-BEFB-4B2F-8B46-ECB73BEA8B59}"
EndProject
Project("{2150E333-8FDC-42A3-9474-1A3956D46DE8}") = "2-1.SellingPriceDomain", "2-1.SellingPriceDomain", "{BF6A6757-3F48-4E59-9B1A-AF112AB86430}"
EndProject
Project("{2150E333-8FDC-42A3-9474-1A3956D46DE8}") = "2-1.1.Application.SellingPrice", "2-1.1.Application.SellingPrice", "{611568B0-F9C2-4E66-BAE2-BD1FE8FD5854}"
EndProject
Project("{FAE04EC0-301F-11D3-BF4B-00C04F79EFBC}") = "Mall.Application.SellingPrice", "Mall.Application.SellingPrice\Mall.Application.SellingPrice.csproj", "{EE4BA669-B006-4131-B4A1-92E854EB38E7}"
EndProject
Project("{FAE04EC0-301F-11D3-BF4B-00C04F79EFBC}") = "Mall.Application.SellingPrice.DomainEventSubscribers", "Mall.Application.SellingPrice.DomainEventSubscribers\Mall.Application.SellingPrice.DomainEventSubscribers.csproj", "{7E1D8A35-5128-4DF8-8F0A-3ACF5EAEE9F3}"
EndProject
Project("{2150E333-8FDC-42A3-9474-1A3956D46DE8}") = "2.3.Infrastructure", "2.3.Infrastructure", "{C9A454FB-1E56-4A0B-A9C2-7225FFD01FFC}"
EndProject
Project("{2150E333-8FDC-42A3-9474-1A3956D46DE8}") = "2-1.3.Infrastructure.SellingPrice", "2-1.3.Infrastructure.SellingPrice", "{1ED1C6FD-2BA8-4E6C-BFCD-042D274C51F9}"
EndProject
Project("{FAE04EC0-301F-11D3-BF4B-00C04F79EFBC}") = "Mall.Infrastructure.SellingPrice.Translators", "Mall.Infrastructure.SellingPrice.Translators\Mall.Infrastructure.SellingPrice.Translators.csproj", "{4C227093-CD73-42A5-854C-2D25D1D44790}"
EndProject
Project("{2150E333-8FDC-42A3-9474-1A3956D46DE8}") = "2-2.OrderDomain", "2-2.OrderDomain", "{B110FD81-0F3D-4DAF-8DA5-9E4C630DDA0C}"
EndProject
Project("{2150E333-8FDC-42A3-9474-1A3956D46DE8}") = "2-2.1.Application.Order", "2-2.1.Application.Order", "{B44D2004-A018-4C77-A666-B80F8ACE9B0A}"
EndProject
Project("{2150E333-8FDC-42A3-9474-1A3956D46DE8}") = "2-2.2.Domain.Order", "2-2.2.Domain.Order", "{7503FCF3-491A-4383-945A-7BDFFE77160D}"
EndProject
Project("{2150E333-8FDC-42A3-9474-1A3956D46DE8}") = "2-2.3.Infrastructure.Order", "2-2.3.Infrastructure.Order", "{909B42EF-A7AA-44BA-94E7-7E7C3F4D2E32}"
EndProject
Project("{FAE04EC0-301F-11D3-BF4B-00C04F79EFBC}") = "Mall.Application.Order", "Mall.Application.Order\Mall.Application.Order.csproj", "{75E06B3E-9AE9-47D1-86CE-A9F9D6634BFA}"
EndProject
Project("{FAE04EC0-301F-11D3-BF4B-00C04F79EFBC}") = "Mall.Application.Order.DomainEventSubscribers", "Mall.Application.Order.DomainEventSubscribers\Mall.Application.Order.DomainEventSubscribers.csproj", "{CDA42339-3485-43C0-B286-AD24A3BD1AA7}"
EndProject
Project("{FAE04EC0-301F-11D3-BF4B-00C04F79EFBC}") = "Mall.Domain.Order", "Mall.Domain.Order\Mall.Domain.Order.csproj", "{CE0955DF-BA7D-46A1-8032-8517B078BFCE}"
EndProject
Project("{FAE04EC0-301F-11D3-BF4B-00C04F79EFBC}") = "Mall.DomainService.Order", "Mall.DomainService.Order\Mall.DomainService.Order.csproj", "{5ADD7E4C-9149-4901-BA71-463D7E9F8DBB}"
EndProject
Project("{FAE04EC0-301F-11D3-BF4B-00C04F79EFBC}") = "Mall.Infrastructure.Order.Translators", "Mall.Infrastructure.Order.Translators\Mall.Infrastructure.Order.Translators.csproj", "{4B15626B-FDAE-4B9D-B44D-6BA91271D9EA}"
EndProject
Project("{FAE04EC0-301F-11D3-BF4B-00C04F79EFBC}") = "Mall.Domain.Order.DomainEventSubscribers", "Mall.Domain.Order.DomainEventSubscribers\Mall.Domain.Order.DomainEventSubscribers.csproj", "{9B6F0E5C-A05C-487C-8DEA-C12AFD64EA87}"
EndProject
Global
	GlobalSection(SolutionConfigurationPlatforms) = preSolution
		Debug|Any CPU = Debug|Any CPU
		Release|Any CPU = Release|Any CPU
	EndGlobalSection
	GlobalSection(ProjectConfigurationPlatforms) = postSolution
		{675F7CF1-5E80-44EE-BDC2-E4FD2BAFE475}.Debug|Any CPU.ActiveCfg = Debug|Any CPU
		{675F7CF1-5E80-44EE-BDC2-E4FD2BAFE475}.Debug|Any CPU.Build.0 = Debug|Any CPU
		{675F7CF1-5E80-44EE-BDC2-E4FD2BAFE475}.Release|Any CPU.ActiveCfg = Release|Any CPU
		{675F7CF1-5E80-44EE-BDC2-E4FD2BAFE475}.Release|Any CPU.Build.0 = Release|Any CPU
		{A15AAC79-6D0A-4217-ABBB-2FCDB62E27AA}.Debug|Any CPU.ActiveCfg = Debug|Any CPU
		{A15AAC79-6D0A-4217-ABBB-2FCDB62E27AA}.Debug|Any CPU.Build.0 = Debug|Any CPU
		{A15AAC79-6D0A-4217-ABBB-2FCDB62E27AA}.Release|Any CPU.ActiveCfg = Release|Any CPU
		{A15AAC79-6D0A-4217-ABBB-2FCDB62E27AA}.Release|Any CPU.Build.0 = Release|Any CPU
		{FCDC4B41-2723-4218-81D8-4390DB492C3B}.Debug|Any CPU.ActiveCfg = Debug|Any CPU
		{FCDC4B41-2723-4218-81D8-4390DB492C3B}.Debug|Any CPU.Build.0 = Debug|Any CPU
		{FCDC4B41-2723-4218-81D8-4390DB492C3B}.Release|Any CPU.ActiveCfg = Release|Any CPU
		{FCDC4B41-2723-4218-81D8-4390DB492C3B}.Release|Any CPU.Build.0 = Release|Any CPU
		{FF2E22A1-DED7-4628-9F14-AD843C1CC862}.Debug|Any CPU.ActiveCfg = Debug|Any CPU
		{FF2E22A1-DED7-4628-9F14-AD843C1CC862}.Debug|Any CPU.Build.0 = Debug|Any CPU
		{FF2E22A1-DED7-4628-9F14-AD843C1CC862}.Release|Any CPU.ActiveCfg = Release|Any CPU
		{FF2E22A1-DED7-4628-9F14-AD843C1CC862}.Release|Any CPU.Build.0 = Release|Any CPU
		{BDE7D8FD-F5E4-4542-AB87-D62EE2A9C451}.Debug|Any CPU.ActiveCfg = Debug|Any CPU
		{BDE7D8FD-F5E4-4542-AB87-D62EE2A9C451}.Debug|Any CPU.Build.0 = Debug|Any CPU
		{BDE7D8FD-F5E4-4542-AB87-D62EE2A9C451}.Release|Any CPU.ActiveCfg = Release|Any CPU
		{BDE7D8FD-F5E4-4542-AB87-D62EE2A9C451}.Release|Any CPU.Build.0 = Release|Any CPU
		{B3EE2CEA-7368-4A47-ACAB-805980F8C38C}.Debug|Any CPU.ActiveCfg = Debug|Any CPU
		{B3EE2CEA-7368-4A47-ACAB-805980F8C38C}.Debug|Any CPU.Build.0 = Debug|Any CPU
		{B3EE2CEA-7368-4A47-ACAB-805980F8C38C}.Release|Any CPU.ActiveCfg = Release|Any CPU
		{B3EE2CEA-7368-4A47-ACAB-805980F8C38C}.Release|Any CPU.Build.0 = Release|Any CPU
		{04BF4EFE-8817-47D1-BDE5-A2B31B684341}.Debug|Any CPU.ActiveCfg = Debug|Any CPU
		{04BF4EFE-8817-47D1-BDE5-A2B31B684341}.Debug|Any CPU.Build.0 = Debug|Any CPU
		{04BF4EFE-8817-47D1-BDE5-A2B31B684341}.Release|Any CPU.ActiveCfg = Release|Any CPU
		{04BF4EFE-8817-47D1-BDE5-A2B31B684341}.Release|Any CPU.Build.0 = Release|Any CPU
		{4354ADE2-A960-4D85-9A86-0C7591C44BBA}.Debug|Any CPU.ActiveCfg = Debug|Any CPU
		{4354ADE2-A960-4D85-9A86-0C7591C44BBA}.Debug|Any CPU.Build.0 = Debug|Any CPU
		{4354ADE2-A960-4D85-9A86-0C7591C44BBA}.Release|Any CPU.ActiveCfg = Release|Any CPU
		{4354ADE2-A960-4D85-9A86-0C7591C44BBA}.Release|Any CPU.Build.0 = Release|Any CPU
		{6772D206-0E3A-46E3-AC09-A4D7DB4088EB}.Debug|Any CPU.ActiveCfg = Debug|Any CPU
		{6772D206-0E3A-46E3-AC09-A4D7DB4088EB}.Debug|Any CPU.Build.0 = Debug|Any CPU
		{6772D206-0E3A-46E3-AC09-A4D7DB4088EB}.Release|Any CPU.ActiveCfg = Release|Any CPU
		{6772D206-0E3A-46E3-AC09-A4D7DB4088EB}.Release|Any CPU.Build.0 = Release|Any CPU
		{60754FAF-64A8-4186-8167-90EE18E30AF0}.Debug|Any CPU.ActiveCfg = Debug|Any CPU
		{60754FAF-64A8-4186-8167-90EE18E30AF0}.Debug|Any CPU.Build.0 = Debug|Any CPU
		{60754FAF-64A8-4186-8167-90EE18E30AF0}.Release|Any CPU.ActiveCfg = Release|Any CPU
		{60754FAF-64A8-4186-8167-90EE18E30AF0}.Release|Any CPU.Build.0 = Release|Any CPU
		{BCAFDA37-3FA9-4174-97FD-BC24D0459712}.Debug|Any CPU.ActiveCfg = Debug|Any CPU
		{BCAFDA37-3FA9-4174-97FD-BC24D0459712}.Debug|Any CPU.Build.0 = Debug|Any CPU
		{BCAFDA37-3FA9-4174-97FD-BC24D0459712}.Release|Any CPU.ActiveCfg = Release|Any CPU
		{BCAFDA37-3FA9-4174-97FD-BC24D0459712}.Release|Any CPU.Build.0 = Release|Any CPU
		{42A5CD86-F116-45D0-8B9A-5912DB3F195B}.Debug|Any CPU.ActiveCfg = Debug|Any CPU
		{42A5CD86-F116-45D0-8B9A-5912DB3F195B}.Debug|Any CPU.Build.0 = Debug|Any CPU
		{42A5CD86-F116-45D0-8B9A-5912DB3F195B}.Release|Any CPU.ActiveCfg = Release|Any CPU
		{42A5CD86-F116-45D0-8B9A-5912DB3F195B}.Release|Any CPU.Build.0 = Release|Any CPU
		{849B2DD2-52B8-4C77-A54E-3CF9E72530E7}.Debug|Any CPU.ActiveCfg = Debug|Any CPU
		{849B2DD2-52B8-4C77-A54E-3CF9E72530E7}.Debug|Any CPU.Build.0 = Debug|Any CPU
		{849B2DD2-52B8-4C77-A54E-3CF9E72530E7}.Release|Any CPU.ActiveCfg = Release|Any CPU
		{849B2DD2-52B8-4C77-A54E-3CF9E72530E7}.Release|Any CPU.Build.0 = Release|Any CPU
		{2F7F3944-FC41-4A0F-8101-C3DD6629F026}.Debug|Any CPU.ActiveCfg = Debug|Any CPU
		{2F7F3944-FC41-4A0F-8101-C3DD6629F026}.Debug|Any CPU.Build.0 = Debug|Any CPU
		{2F7F3944-FC41-4A0F-8101-C3DD6629F026}.Release|Any CPU.ActiveCfg = Release|Any CPU
		{2F7F3944-FC41-4A0F-8101-C3DD6629F026}.Release|Any CPU.Build.0 = Release|Any CPU
		{EE4BA669-B006-4131-B4A1-92E854EB38E7}.Debug|Any CPU.ActiveCfg = Debug|Any CPU
		{EE4BA669-B006-4131-B4A1-92E854EB38E7}.Debug|Any CPU.Build.0 = Debug|Any CPU
		{EE4BA669-B006-4131-B4A1-92E854EB38E7}.Release|Any CPU.ActiveCfg = Release|Any CPU
		{EE4BA669-B006-4131-B4A1-92E854EB38E7}.Release|Any CPU.Build.0 = Release|Any CPU
		{7E1D8A35-5128-4DF8-8F0A-3ACF5EAEE9F3}.Debug|Any CPU.ActiveCfg = Debug|Any CPU
		{7E1D8A35-5128-4DF8-8F0A-3ACF5EAEE9F3}.Debug|Any CPU.Build.0 = Debug|Any CPU
		{7E1D8A35-5128-4DF8-8F0A-3ACF5EAEE9F3}.Release|Any CPU.ActiveCfg = Release|Any CPU
		{7E1D8A35-5128-4DF8-8F0A-3ACF5EAEE9F3}.Release|Any CPU.Build.0 = Release|Any CPU
		{4C227093-CD73-42A5-854C-2D25D1D44790}.Debug|Any CPU.ActiveCfg = Debug|Any CPU
		{4C227093-CD73-42A5-854C-2D25D1D44790}.Debug|Any CPU.Build.0 = Debug|Any CPU
		{4C227093-CD73-42A5-854C-2D25D1D44790}.Release|Any CPU.ActiveCfg = Release|Any CPU
		{4C227093-CD73-42A5-854C-2D25D1D44790}.Release|Any CPU.Build.0 = Release|Any CPU
		{75E06B3E-9AE9-47D1-86CE-A9F9D6634BFA}.Debug|Any CPU.ActiveCfg = Debug|Any CPU
		{75E06B3E-9AE9-47D1-86CE-A9F9D6634BFA}.Debug|Any CPU.Build.0 = Debug|Any CPU
		{75E06B3E-9AE9-47D1-86CE-A9F9D6634BFA}.Release|Any CPU.ActiveCfg = Release|Any CPU
		{75E06B3E-9AE9-47D1-86CE-A9F9D6634BFA}.Release|Any CPU.Build.0 = Release|Any CPU
		{CDA42339-3485-43C0-B286-AD24A3BD1AA7}.Debug|Any CPU.ActiveCfg = Debug|Any CPU
		{CDA42339-3485-43C0-B286-AD24A3BD1AA7}.Debug|Any CPU.Build.0 = Debug|Any CPU
		{CDA42339-3485-43C0-B286-AD24A3BD1AA7}.Release|Any CPU.ActiveCfg = Release|Any CPU
		{CDA42339-3485-43C0-B286-AD24A3BD1AA7}.Release|Any CPU.Build.0 = Release|Any CPU
		{CE0955DF-BA7D-46A1-8032-8517B078BFCE}.Debug|Any CPU.ActiveCfg = Debug|Any CPU
		{CE0955DF-BA7D-46A1-8032-8517B078BFCE}.Debug|Any CPU.Build.0 = Debug|Any CPU
		{CE0955DF-BA7D-46A1-8032-8517B078BFCE}.Release|Any CPU.ActiveCfg = Release|Any CPU
		{CE0955DF-BA7D-46A1-8032-8517B078BFCE}.Release|Any CPU.Build.0 = Release|Any CPU
		{5ADD7E4C-9149-4901-BA71-463D7E9F8DBB}.Debug|Any CPU.ActiveCfg = Debug|Any CPU
		{5ADD7E4C-9149-4901-BA71-463D7E9F8DBB}.Debug|Any CPU.Build.0 = Debug|Any CPU
		{5ADD7E4C-9149-4901-BA71-463D7E9F8DBB}.Release|Any CPU.ActiveCfg = Release|Any CPU
		{5ADD7E4C-9149-4901-BA71-463D7E9F8DBB}.Release|Any CPU.Build.0 = Release|Any CPU
		{4B15626B-FDAE-4B9D-B44D-6BA91271D9EA}.Debug|Any CPU.ActiveCfg = Debug|Any CPU
		{4B15626B-FDAE-4B9D-B44D-6BA91271D9EA}.Debug|Any CPU.Build.0 = Debug|Any CPU
		{4B15626B-FDAE-4B9D-B44D-6BA91271D9EA}.Release|Any CPU.ActiveCfg = Release|Any CPU
		{4B15626B-FDAE-4B9D-B44D-6BA91271D9EA}.Release|Any CPU.Build.0 = Release|Any CPU
		{9B6F0E5C-A05C-487C-8DEA-C12AFD64EA87}.Debug|Any CPU.ActiveCfg = Debug|Any CPU
		{9B6F0E5C-A05C-487C-8DEA-C12AFD64EA87}.Debug|Any CPU.Build.0 = Debug|Any CPU
		{9B6F0E5C-A05C-487C-8DEA-C12AFD64EA87}.Release|Any CPU.ActiveCfg = Release|Any CPU
		{9B6F0E5C-A05C-487C-8DEA-C12AFD64EA87}.Release|Any CPU.Build.0 = Release|Any CPU
	EndGlobalSection
	GlobalSection(SolutionProperties) = preSolution
		HideSolutionNode = FALSE
	EndGlobalSection
	GlobalSection(NestedProjects) = preSolution
		{675F7CF1-5E80-44EE-BDC2-E4FD2BAFE475} = {808B96C5-84E0-49E4-A42C-D730F7318F66}
		{A15AAC79-6D0A-4217-ABBB-2FCDB62E27AA} = {761493BB-A202-412D-B5E2-7E52EC27A070}
		{FCDC4B41-2723-4218-81D8-4390DB492C3B} = {32420844-BF0C-48DF-B9E8-F6AA442B4C5B}
		{761493BB-A202-412D-B5E2-7E52EC27A070} = {629AB9D8-BEFB-4B2F-8B46-ECB73BEA8B59}
		{32420844-BF0C-48DF-B9E8-F6AA442B4C5B} = {629AB9D8-BEFB-4B2F-8B46-ECB73BEA8B59}
		{FF2E22A1-DED7-4628-9F14-AD843C1CC862} = {9A258BD8-DA0D-491C-BDD7-8A13BDDADDE9}
		{BDE7D8FD-F5E4-4542-AB87-D62EE2A9C451} = {32420844-BF0C-48DF-B9E8-F6AA442B4C5B}
		{B3EE2CEA-7368-4A47-ACAB-805980F8C38C} = {9A258BD8-DA0D-491C-BDD7-8A13BDDADDE9}
		{04BF4EFE-8817-47D1-BDE5-A2B31B684341} = {C9A454FB-1E56-4A0B-A9C2-7225FFD01FFC}
		{4354ADE2-A960-4D85-9A86-0C7591C44BBA} = {32420844-BF0C-48DF-B9E8-F6AA442B4C5B}
		{6772D206-0E3A-46E3-AC09-A4D7DB4088EB} = {761493BB-A202-412D-B5E2-7E52EC27A070}
		{60754FAF-64A8-4186-8167-90EE18E30AF0} = {32420844-BF0C-48DF-B9E8-F6AA442B4C5B}
		{97AF4622-B2A3-49DE-8E5D-9A6F3E71E314} = {BF6A6757-3F48-4E59-9B1A-AF112AB86430}
		{BCAFDA37-3FA9-4174-97FD-BC24D0459712} = {97AF4622-B2A3-49DE-8E5D-9A6F3E71E314}
		{42A5CD86-F116-45D0-8B9A-5912DB3F195B} = {97AF4622-B2A3-49DE-8E5D-9A6F3E71E314}
		{849B2DD2-52B8-4C77-A54E-3CF9E72530E7} = {97AF4622-B2A3-49DE-8E5D-9A6F3E71E314}
		{2F7F3944-FC41-4A0F-8101-C3DD6629F026} = {97AF4622-B2A3-49DE-8E5D-9A6F3E71E314}
		{611568B0-F9C2-4E66-BAE2-BD1FE8FD5854} = {BF6A6757-3F48-4E59-9B1A-AF112AB86430}
		{EE4BA669-B006-4131-B4A1-92E854EB38E7} = {611568B0-F9C2-4E66-BAE2-BD1FE8FD5854}
		{7E1D8A35-5128-4DF8-8F0A-3ACF5EAEE9F3} = {611568B0-F9C2-4E66-BAE2-BD1FE8FD5854}
		{C9A454FB-1E56-4A0B-A9C2-7225FFD01FFC} = {629AB9D8-BEFB-4B2F-8B46-ECB73BEA8B59}
		{1ED1C6FD-2BA8-4E6C-BFCD-042D274C51F9} = {BF6A6757-3F48-4E59-9B1A-AF112AB86430}
		{4C227093-CD73-42A5-854C-2D25D1D44790} = {1ED1C6FD-2BA8-4E6C-BFCD-042D274C51F9}
		{B44D2004-A018-4C77-A666-B80F8ACE9B0A} = {B110FD81-0F3D-4DAF-8DA5-9E4C630DDA0C}
		{7503FCF3-491A-4383-945A-7BDFFE77160D} = {B110FD81-0F3D-4DAF-8DA5-9E4C630DDA0C}
		{909B42EF-A7AA-44BA-94E7-7E7C3F4D2E32} = {B110FD81-0F3D-4DAF-8DA5-9E4C630DDA0C}
		{75E06B3E-9AE9-47D1-86CE-A9F9D6634BFA} = {B44D2004-A018-4C77-A666-B80F8ACE9B0A}
		{CDA42339-3485-43C0-B286-AD24A3BD1AA7} = {B44D2004-A018-4C77-A666-B80F8ACE9B0A}
		{CE0955DF-BA7D-46A1-8032-8517B078BFCE} = {7503FCF3-491A-4383-945A-7BDFFE77160D}
		{5ADD7E4C-9149-4901-BA71-463D7E9F8DBB} = {7503FCF3-491A-4383-945A-7BDFFE77160D}
		{4B15626B-FDAE-4B9D-B44D-6BA91271D9EA} = {909B42EF-A7AA-44BA-94E7-7E7C3F4D2E32}
		{9B6F0E5C-A05C-487C-8DEA-C12AFD64EA87} = {7503FCF3-491A-4383-945A-7BDFFE77160D}
	EndGlobalSection
EndGlobal
